
Microsoft Visual Studio Solution File, Format Version 12.00
# Visual Studio 15
VisualStudioVersion = 15.0.27130.2027
MinimumVisualStudioVersion = 10.0.40219.1
Project("{FAE04EC0-301F-11D3-BF4B-00C04F79EFBC}") = "MyMath", "MyMath\MyMath.csproj", "{8F876CF7-DAB4-4FF6-AE64-BCEA8E9C434A}"
EndProject
Global
	GlobalSection(SolutionConfigurationPlatforms) = preSolution
		Debug|Any CPU = Debug|Any CPU
		Release|Any CPU = Release|Any CPU
	EndGlobalSection
	GlobalSection(ProjectConfigurationPlatforms) = postSolution
		{8F876CF7-DAB4-4FF6-AE64-BCEA8E9C434A}.Debug|Any CPU.ActiveCfg = Debug|Any CPU
		{8F876CF7-DAB4-4FF6-AE64-BCEA8E9C434A}.Debug|Any CPU.Build.0 = Debug|Any CPU
		{8F876CF7-DAB4-4FF6-AE64-BCEA8E9C434A}.Release|Any CPU.ActiveCfg = Release|Any CPU
		{8F876CF7-DAB4-4FF6-AE64-BCEA8E9C434A}.Release|Any CPU.Build.0 = Release|Any CPU
	EndGlobalSection
	GlobalSection(SolutionProperties) = preSolution
		HideSolutionNode = FALSE
	EndGlobalSection
	GlobalSection(ExtensibilityGlobals) = postSolution
		SolutionGuid = {48CB33E7-C731-4409-AC63-7444EF032AE9}
	EndGlobalSection
EndGlobal
